
Microsoft Visual Studio Solution File, Format Version 12.00
# Visual Studio Version 17
VisualStudioVersion = 17.4.33110.190
MinimumVisualStudioVersion = 10.0.40219.1
Project("{8BC9CEB8-8B4A-11D0-8D11-00A0C91BC942}") = "Day01", "Day01\Day01.vcxproj", "{EF7F2CA0-1C1D-4E44-9D5E-8D1380BC3212}"
EndProject
Project("{8BC9CEB8-8B4A-11D0-8D11-00A0C91BC942}") = "Day02", "Day02\Day02.vcxproj", "{419B3243-EB1E-44B1-85C1-609DCAC159D8}"
EndProject
Project("{8BC9CEB8-8B4A-11D0-8D11-00A0C91BC942}") = "Day02Part2", "Day02Part2\Day02Part2.vcxproj", "{4E8A5B7F-4A4D-4377-9F43-560AA0E1E136}"
EndProject
Project("{8BC9CEB8-8B4A-11D0-8D11-00A0C91BC942}") = "Day05part2", "Day05\Day05.vcxproj", "{58E4CDC5-8362-417D-91FD-7981458CD94C}"
EndProject
Project("{8BC9CEB8-8B4A-11D0-8D11-00A0C91BC942}") = "Day05part1", "Day05part1\Day05part1.vcxproj", "{B74A6891-8256-4866-BBDC-3C28E9678B96}"
EndProject
Project("{8BC9CEB8-8B4A-11D0-8D11-00A0C91BC942}") = "Day06", "Day06part1\Day06part1.vcxproj", "{E830F4F3-3194-41FA-B042-38A39D55390A}"
EndProject
Project("{8BC9CEB8-8B4A-11D0-8D11-00A0C91BC942}") = "Day07", "Day07\Day07.vcxproj", "{A29E887F-29F7-45B8-BF5A-4382A55248C0}"
EndProject
Project("{8BC9CEB8-8B4A-11D0-8D11-00A0C91BC942}") = "Day07part2", "Day07part2\Day07part2.vcxproj", "{33B38A72-6F77-41C5-AD69-E6FA0B4F49D0}"
EndProject
Project("{8BC9CEB8-8B4A-11D0-8D11-00A0C91BC942}") = "Day0", "Day0\Day0.vcxproj", "{256482B9-8365-4D17-A93B-52F48C8DB61A}"
EndProject
Global
	GlobalSection(SolutionConfigurationPlatforms) = preSolution
		Debug|x64 = Debug|x64
		Debug|x86 = Debug|x86
		Release|x64 = Release|x64
		Release|x86 = Release|x86
	EndGlobalSection
	GlobalSection(ProjectConfigurationPlatforms) = postSolution
		{EF7F2CA0-1C1D-4E44-9D5E-8D1380BC3212}.Debug|x64.ActiveCfg = Debug|x64
		{EF7F2CA0-1C1D-4E44-9D5E-8D1380BC3212}.Debug|x64.Build.0 = Debug|x64
		{EF7F2CA0-1C1D-4E44-9D5E-8D1380BC3212}.Debug|x86.ActiveCfg = Debug|Win32
		{EF7F2CA0-1C1D-4E44-9D5E-8D1380BC3212}.Debug|x86.Build.0 = Debug|Win32
		{EF7F2CA0-1C1D-4E44-9D5E-8D1380BC3212}.Release|x64.ActiveCfg = Release|x64
		{EF7F2CA0-1C1D-4E44-9D5E-8D1380BC3212}.Release|x64.Build.0 = Release|x64
		{EF7F2CA0-1C1D-4E44-9D5E-8D1380BC3212}.Release|x86.ActiveCfg = Release|Win32
		{EF7F2CA0-1C1D-4E44-9D5E-8D1380BC3212}.Release|x86.Build.0 = Release|Win32
		{419B3243-EB1E-44B1-85C1-609DCAC159D8}.Debug|x64.ActiveCfg = Debug|x64
		{419B3243-EB1E-44B1-85C1-609DCAC159D8}.Debug|x64.Build.0 = Debug|x64
		{419B3243-EB1E-44B1-85C1-609DCAC159D8}.Debug|x86.ActiveCfg = Debug|Win32
		{419B3243-EB1E-44B1-85C1-609DCAC159D8}.Debug|x86.Build.0 = Debug|Win32
		{419B3243-EB1E-44B1-85C1-609DCAC159D8}.Release|x64.ActiveCfg = Release|x64
		{419B3243-EB1E-44B1-85C1-609DCAC159D8}.Release|x64.Build.0 = Release|x64
		{419B3243-EB1E-44B1-85C1-609DCAC159D8}.Release|x86.ActiveCfg = Release|Win32
		{419B3243-EB1E-44B1-85C1-609DCAC159D8}.Release|x86.Build.0 = Release|Win32
		{4E8A5B7F-4A4D-4377-9F43-560AA0E1E136}.Debug|x64.ActiveCfg = Debug|x64
		{4E8A5B7F-4A4D-4377-9F43-560AA0E1E136}.Debug|x64.Build.0 = Debug|x64
		{4E8A5B7F-4A4D-4377-9F43-560AA0E1E136}.Debug|x86.ActiveCfg = Debug|Win32
		{4E8A5B7F-4A4D-4377-9F43-560AA0E1E136}.Debug|x86.Build.0 = Debug|Win32
		{4E8A5B7F-4A4D-4377-9F43-560AA0E1E136}.Release|x64.ActiveCfg = Release|x64
		{4E8A5B7F-4A4D-4377-9F43-560AA0E1E136}.Release|x64.Build.0 = Release|x64
		{4E8A5B7F-4A4D-4377-9F43-560AA0E1E136}.Release|x86.ActiveCfg = Release|Win32
		{4E8A5B7F-4A4D-4377-9F43-560AA0E1E136}.Release|x86.Build.0 = Release|Win32
		{58E4CDC5-8362-417D-91FD-7981458CD94C}.Debug|x64.ActiveCfg = Debug|x64
		{58E4CDC5-8362-417D-91FD-7981458CD94C}.Debug|x64.Build.0 = Debug|x64
		{58E4CDC5-8362-417D-91FD-7981458CD94C}.Debug|x86.ActiveCfg = Debug|Win32
		{58E4CDC5-8362-417D-91FD-7981458CD94C}.Debug|x86.Build.0 = Debug|Win32
		{58E4CDC5-8362-417D-91FD-7981458CD94C}.Release|x64.ActiveCfg = Release|x64
		{58E4CDC5-8362-417D-91FD-7981458CD94C}.Release|x64.Build.0 = Release|x64
		{58E4CDC5-8362-417D-91FD-7981458CD94C}.Release|x86.ActiveCfg = Release|Win32
		{58E4CDC5-8362-417D-91FD-7981458CD94C}.Release|x86.Build.0 = Release|Win32
		{B74A6891-8256-4866-BBDC-3C28E9678B96}.Debug|x64.ActiveCfg = Debug|x64
		{B74A6891-8256-4866-BBDC-3C28E9678B96}.Debug|x64.Build.0 = Debug|x64
		{B74A6891-8256-4866-BBDC-3C28E9678B96}.Debug|x86.ActiveCfg = Debug|Win32
		{B74A6891-8256-4866-BBDC-3C28E9678B96}.Debug|x86.Build.0 = Debug|Win32
		{B74A6891-8256-4866-BBDC-3C28E9678B96}.Release|x64.ActiveCfg = Release|x64
		{B74A6891-8256-4866-BBDC-3C28E9678B96}.Release|x64.Build.0 = Release|x64
		{B74A6891-8256-4866-BBDC-3C28E9678B96}.Release|x86.ActiveCfg = Release|Win32
		{B74A6891-8256-4866-BBDC-3C28E9678B96}.Release|x86.Build.0 = Release|Win32
		{E830F4F3-3194-41FA-B042-38A39D55390A}.Debug|x64.ActiveCfg = Debug|x64
		{E830F4F3-3194-41FA-B042-38A39D55390A}.Debug|x64.Build.0 = Debug|x64
		{E830F4F3-3194-41FA-B042-38A39D55390A}.Debug|x86.ActiveCfg = Debug|Win32
		{E830F4F3-3194-41FA-B042-38A39D55390A}.Debug|x86.Build.0 = Debug|Win32
		{E830F4F3-3194-41FA-B042-38A39D55390A}.Release|x64.ActiveCfg = Release|x64
		{E830F4F3-3194-41FA-B042-38A39D55390A}.Release|x64.Build.0 = Release|x64
		{E830F4F3-3194-41FA-B042-38A39D55390A}.Release|x86.ActiveCfg = Release|Win32
		{E830F4F3-3194-41FA-B042-38A39D55390A}.Release|x86.Build.0 = Release|Win32
		{A29E887F-29F7-45B8-BF5A-4382A55248C0}.Debug|x64.ActiveCfg = Debug|x64
		{A29E887F-29F7-45B8-BF5A-4382A55248C0}.Debug|x64.Build.0 = Debug|x64
		{A29E887F-29F7-45B8-BF5A-4382A55248C0}.Debug|x86.ActiveCfg = Debug|Win32
		{A29E887F-29F7-45B8-BF5A-4382A55248C0}.Debug|x86.Build.0 = Debug|Win32
		{A29E887F-29F7-45B8-BF5A-4382A55248C0}.Release|x64.ActiveCfg = Release|x64
		{A29E887F-29F7-45B8-BF5A-4382A55248C0}.Release|x64.Build.0 = Release|x64
		{A29E887F-29F7-45B8-BF5A-4382A55248C0}.Release|x86.ActiveCfg = Release|Win32
		{A29E887F-29F7-45B8-BF5A-4382A55248C0}.Release|x86.Build.0 = Release|Win32
		{33B38A72-6F77-41C5-AD69-E6FA0B4F49D0}.Debug|x64.ActiveCfg = Debug|x64
		{33B38A72-6F77-41C5-AD69-E6FA0B4F49D0}.Debug|x64.Build.0 = Debug|x64
		{33B38A72-6F77-41C5-AD69-E6FA0B4F49D0}.Debug|x86.ActiveCfg = Debug|Win32
		{33B38A72-6F77-41C5-AD69-E6FA0B4F49D0}.Debug|x86.Build.0 = Debug|Win32
		{33B38A72-6F77-41C5-AD69-E6FA0B4F49D0}.Release|x64.ActiveCfg = Release|x64
		{33B38A72-6F77-41C5-AD69-E6FA0B4F49D0}.Release|x64.Build.0 = Release|x64
		{33B38A72-6F77-41C5-AD69-E6FA0B4F49D0}.Release|x86.ActiveCfg = Release|Win32
		{33B38A72-6F77-41C5-AD69-E6FA0B4F49D0}.Release|x86.Build.0 = Release|Win32
		{256482B9-8365-4D17-A93B-52F48C8DB61A}.Debug|x64.ActiveCfg = Debug|x64
		{256482B9-8365-4D17-A93B-52F48C8DB61A}.Debug|x64.Build.0 = Debug|x64
		{256482B9-8365-4D17-A93B-52F48C8DB61A}.Debug|x86.ActiveCfg = Debug|Win32
		{256482B9-8365-4D17-A93B-52F48C8DB61A}.Debug|x86.Build.0 = Debug|Win32
		{256482B9-8365-4D17-A93B-52F48C8DB61A}.Release|x64.ActiveCfg = Release|x64
		{256482B9-8365-4D17-A93B-52F48C8DB61A}.Release|x64.Build.0 = Release|x64
		{256482B9-8365-4D17-A93B-52F48C8DB61A}.Release|x86.ActiveCfg = Release|Win32
		{256482B9-8365-4D17-A93B-52F48C8DB61A}.Release|x86.Build.0 = Release|Win32
	EndGlobalSection
	GlobalSection(SolutionProperties) = preSolution
		HideSolutionNode = FALSE
	EndGlobalSection
	GlobalSection(ExtensibilityGlobals) = postSolution
		SolutionGuid = {10693CD1-5498-4C07-BE5D-4B44D2F92C46}
	EndGlobalSection
EndGlobal
