
Microsoft Visual Studio Solution File, Format Version 12.00
# Visual Studio Version 17
VisualStudioVersion = 17.4.33110.190
MinimumVisualStudioVersion = 10.0.40219.1
Project("{8BC9CEB8-8B4A-11D0-8D11-00A0C91BC942}") = "Day01", "Day01\Day01.vcxproj", "{EF7F2CA0-1C1D-4E44-9D5E-8D1380BC3212}"
EndProject
Project("{8BC9CEB8-8B4A-11D0-8D11-00A0C91BC942}") = "Day02", "Day02\Day02.vcxproj", "{419B3243-EB1E-44B1-85C1-609DCAC159D8}"
EndProject
Project("{8BC9CEB8-8B4A-11D0-8D11-00A0C91BC942}") = "Day02Part2", "Day02Part2\Day02Part2.vcxproj", "{4E8A5B7F-4A4D-4377-9F43-560AA0E1E136}"
EndProject
Project("{8BC9CEB8-8B4A-11D0-8D11-00A0C91BC942}") = "Day05part2", "Day05\Day05.vcxproj", "{58E4CDC5-8362-417D-91FD-7981458CD94C}"
EndProject
Project("{8BC9CEB8-8B4A-11D0-8D11-00A0C91BC942}") = "Day05part1", "Day05part1\Day05part1.vcxproj", "{B74A6891-8256-4866-BBDC-3C28E9678B96}"
EndProject
Project("{8BC9CEB8-8B4A-11D0-8D11-00A0C91BC942}") = "Day06", "Day06part1\Day06part1.vcxproj", "{E830F4F3-3194-41FA-B042-38A39D55390A}"
EndProject
Project("{8BC9CEB8-8B4A-11D0-8D11-00A0C91BC942}") = "Day07", "Day07\Day07.vcxproj", "{A29E887F-29F7-45B8-BF5A-4382A55248C0}"
EndProject
Project("{8BC9CEB8-8B4A-11D0-8D11-00A0C91BC942}") = "Day08", "Day08\Day08.vcxproj", "{94ABEC0D-3D8C-4E32-944E-775B37CC5CCA}"
EndProject
Project("{8BC9CEB8-8B4A-11D0-8D11-00A0C91BC942}") = "Day09", "Day09\Day09.vcxproj", "{C64A689E-EB97-49C6-90C1-0ECD7DCB67B1}"
EndProject
Project("{8BC9CEB8-8B4A-11D0-8D11-00A0C91BC942}") = "Day10", "Day10\Day10.vcxproj", "{A1C0E43C-261B-4BCC-863F-9B77418B02DE}"
EndProject
Project("{8BC9CEB8-8B4A-11D0-8D11-00A0C91BC942}") = "Day00", "Day00\Day00.vcxproj", "{BD25C345-9630-4EC4-B079-E75727B20397}"
EndProject
Global
	GlobalSection(SolutionConfigurationPlatforms) = preSolution
		Debug|x64 = Debug|x64
		Debug|x86 = Debug|x86
		Release|x64 = Release|x64
		Release|x86 = Release|x86
	EndGlobalSection
	GlobalSection(ProjectConfigurationPlatforms) = postSolution
		{EF7F2CA0-1C1D-4E44-9D5E-8D1380BC3212}.Debug|x64.ActiveCfg = Debug|x64
		{EF7F2CA0-1C1D-4E44-9D5E-8D1380BC3212}.Debug|x64.Build.0 = Debug|x64
		{EF7F2CA0-1C1D-4E44-9D5E-8D1380BC3212}.Debug|x86.ActiveCfg = Debug|Win32
		{EF7F2CA0-1C1D-4E44-9D5E-8D1380BC3212}.Debug|x86.Build.0 = Debug|Win32
		{EF7F2CA0-1C1D-4E44-9D5E-8D1380BC3212}.Release|x64.ActiveCfg = Release|x64
		{EF7F2CA0-1C1D-4E44-9D5E-8D1380BC3212}.Release|x64.Build.0 = Release|x64
		{EF7F2CA0-1C1D-4E44-9D5E-8D1380BC3212}.Release|x86.ActiveCfg = Release|Win32
		{EF7F2CA0-1C1D-4E44-9D5E-8D1380BC3212}.Release|x86.Build.0 = Release|Win32
		{419B3243-EB1E-44B1-85C1-609DCAC159D8}.Debug|x64.ActiveCfg = Debug|x64
		{419B3243-EB1E-44B1-85C1-609DCAC159D8}.Debug|x64.Build.0 = Debug|x64
		{419B3243-EB1E-44B1-85C1-609DCAC159D8}.Debug|x86.ActiveCfg = Debug|Win32
		{419B3243-EB1E-44B1-85C1-609DCAC159D8}.Debug|x86.Build.0 = Debug|Win32
		{419B3243-EB1E-44B1-85C1-609DCAC159D8}.Release|x64.ActiveCfg = Release|x64
		{419B3243-EB1E-44B1-85C1-609DCAC159D8}.Release|x64.Build.0 = Release|x64
		{419B3243-EB1E-44B1-85C1-609DCAC159D8}.Release|x86.ActiveCfg = Release|Win32
		{419B3243-EB1E-44B1-85C1-609DCAC159D8}.Release|x86.Build.0 = Release|Win32
		{4E8A5B7F-4A4D-4377-9F43-560AA0E1E136}.Debug|x64.ActiveCfg = Debug|x64
		{4E8A5B7F-4A4D-4377-9F43-560AA0E1E136}.Debug|x64.Build.0 = Debug|x64
		{4E8A5B7F-4A4D-4377-9F43-560AA0E1E136}.Debug|x86.ActiveCfg = Debug|Win32
		{4E8A5B7F-4A4D-4377-9F43-560AA0E1E136}.Debug|x86.Build.0 = Debug|Win32
		{4E8A5B7F-4A4D-4377-9F43-560AA0E1E136}.Release|x64.ActiveCfg = Release|x64
		{4E8A5B7F-4A4D-4377-9F43-560AA0E1E136}.Release|x64.Build.0 = Release|x64
		{4E8A5B7F-4A4D-4377-9F43-560AA0E1E136}.Release|x86.ActiveCfg = Release|Win32
		{4E8A5B7F-4A4D-4377-9F43-560AA0E1E136}.Release|x86.Build.0 = Release|Win32
		{58E4CDC5-8362-417D-91FD-7981458CD94C}.Debug|x64.ActiveCfg = Debug|x64
		{58E4CDC5-8362-417D-91FD-7981458CD94C}.Debug|x64.Build.0 = Debug|x64
		{58E4CDC5-8362-417D-91FD-7981458CD94C}.Debug|x86.ActiveCfg = Debug|Win32
		{58E4CDC5-8362-417D-91FD-7981458CD94C}.Debug|x86.Build.0 = Debug|Win32
		{58E4CDC5-8362-417D-91FD-7981458CD94C}.Release|x64.ActiveCfg = Release|x64
		{58E4CDC5-8362-417D-91FD-7981458CD94C}.Release|x64.Build.0 = Release|x64
		{58E4CDC5-8362-417D-91FD-7981458CD94C}.Release|x86.ActiveCfg = Release|Win32
		{58E4CDC5-8362-417D-91FD-7981458CD94C}.Release|x86.Build.0 = Release|Win32
		{B74A6891-8256-4866-BBDC-3C28E9678B96}.Debug|x64.ActiveCfg = Debug|x64
		{B74A6891-8256-4866-BBDC-3C28E9678B96}.Debug|x64.Build.0 = Debug|x64
		{B74A6891-8256-4866-BBDC-3C28E9678B96}.Debug|x86.ActiveCfg = Debug|Win32
		{B74A6891-8256-4866-BBDC-3C28E9678B96}.Debug|x86.Build.0 = Debug|Win32
		{B74A6891-8256-4866-BBDC-3C28E9678B96}.Release|x64.ActiveCfg = Release|x64
		{B74A6891-8256-4866-BBDC-3C28E9678B96}.Release|x64.Build.0 = Release|x64
		{B74A6891-8256-4866-BBDC-3C28E9678B96}.Release|x86.ActiveCfg = Release|Win32
		{B74A6891-8256-4866-BBDC-3C28E9678B96}.Release|x86.Build.0 = Release|Win32
		{E830F4F3-3194-41FA-B042-38A39D55390A}.Debug|x64.ActiveCfg = Debug|x64
		{E830F4F3-3194-41FA-B042-38A39D55390A}.Debug|x64.Build.0 = Debug|x64
		{E830F4F3-3194-41FA-B042-38A39D55390A}.Debug|x86.ActiveCfg = Debug|Win32
		{E830F4F3-3194-41FA-B042-38A39D55390A}.Debug|x86.Build.0 = Debug|Win32
		{E830F4F3-3194-41FA-B042-38A39D55390A}.Release|x64.ActiveCfg = Release|x64
		{E830F4F3-3194-41FA-B042-38A39D55390A}.Release|x64.Build.0 = Release|x64
		{E830F4F3-3194-41FA-B042-38A39D55390A}.Release|x86.ActiveCfg = Release|Win32
		{E830F4F3-3194-41FA-B042-38A39D55390A}.Release|x86.Build.0 = Release|Win32
		{A29E887F-29F7-45B8-BF5A-4382A55248C0}.Debug|x64.ActiveCfg = Debug|x64
		{A29E887F-29F7-45B8-BF5A-4382A55248C0}.Debug|x64.Build.0 = Debug|x64
		{A29E887F-29F7-45B8-BF5A-4382A55248C0}.Debug|x86.ActiveCfg = Debug|Win32
		{A29E887F-29F7-45B8-BF5A-4382A55248C0}.Debug|x86.Build.0 = Debug|Win32
		{A29E887F-29F7-45B8-BF5A-4382A55248C0}.Release|x64.ActiveCfg = Release|x64
		{A29E887F-29F7-45B8-BF5A-4382A55248C0}.Release|x64.Build.0 = Release|x64
		{A29E887F-29F7-45B8-BF5A-4382A55248C0}.Release|x86.ActiveCfg = Release|Win32
		{A29E887F-29F7-45B8-BF5A-4382A55248C0}.Release|x86.Build.0 = Release|Win32
		{94ABEC0D-3D8C-4E32-944E-775B37CC5CCA}.Debug|x64.ActiveCfg = Debug|x64
		{94ABEC0D-3D8C-4E32-944E-775B37CC5CCA}.Debug|x64.Build.0 = Debug|x64
		{94ABEC0D-3D8C-4E32-944E-775B37CC5CCA}.Debug|x86.ActiveCfg = Debug|Win32
		{94ABEC0D-3D8C-4E32-944E-775B37CC5CCA}.Debug|x86.Build.0 = Debug|Win32
		{94ABEC0D-3D8C-4E32-944E-775B37CC5CCA}.Release|x64.ActiveCfg = Release|x64
		{94ABEC0D-3D8C-4E32-944E-775B37CC5CCA}.Release|x64.Build.0 = Release|x64
		{94ABEC0D-3D8C-4E32-944E-775B37CC5CCA}.Release|x86.ActiveCfg = Release|Win32
		{94ABEC0D-3D8C-4E32-944E-775B37CC5CCA}.Release|x86.Build.0 = Release|Win32
		{C64A689E-EB97-49C6-90C1-0ECD7DCB67B1}.Debug|x64.ActiveCfg = Debug|x64
		{C64A689E-EB97-49C6-90C1-0ECD7DCB67B1}.Debug|x64.Build.0 = Debug|x64
		{C64A689E-EB97-49C6-90C1-0ECD7DCB67B1}.Debug|x86.ActiveCfg = Debug|Win32
		{C64A689E-EB97-49C6-90C1-0ECD7DCB67B1}.Debug|x86.Build.0 = Debug|Win32
		{C64A689E-EB97-49C6-90C1-0ECD7DCB67B1}.Release|x64.ActiveCfg = Release|x64
		{C64A689E-EB97-49C6-90C1-0ECD7DCB67B1}.Release|x64.Build.0 = Release|x64
		{C64A689E-EB97-49C6-90C1-0ECD7DCB67B1}.Release|x86.ActiveCfg = Release|Win32
		{C64A689E-EB97-49C6-90C1-0ECD7DCB67B1}.Release|x86.Build.0 = Release|Win32
		{A1C0E43C-261B-4BCC-863F-9B77418B02DE}.Debug|x64.ActiveCfg = Debug|x64
		{A1C0E43C-261B-4BCC-863F-9B77418B02DE}.Debug|x64.Build.0 = Debug|x64
		{A1C0E43C-261B-4BCC-863F-9B77418B02DE}.Debug|x86.ActiveCfg = Debug|Win32
		{A1C0E43C-261B-4BCC-863F-9B77418B02DE}.Debug|x86.Build.0 = Debug|Win32
		{A1C0E43C-261B-4BCC-863F-9B77418B02DE}.Release|x64.ActiveCfg = Release|x64
		{A1C0E43C-261B-4BCC-863F-9B77418B02DE}.Release|x64.Build.0 = Release|x64
		{A1C0E43C-261B-4BCC-863F-9B77418B02DE}.Release|x86.ActiveCfg = Release|Win32
		{A1C0E43C-261B-4BCC-863F-9B77418B02DE}.Release|x86.Build.0 = Release|Win32
		{BD25C345-9630-4EC4-B079-E75727B20397}.Debug|x64.ActiveCfg = Debug|x64
		{BD25C345-9630-4EC4-B079-E75727B20397}.Debug|x64.Build.0 = Debug|x64
		{BD25C345-9630-4EC4-B079-E75727B20397}.Debug|x86.ActiveCfg = Debug|Win32
		{BD25C345-9630-4EC4-B079-E75727B20397}.Debug|x86.Build.0 = Debug|Win32
		{BD25C345-9630-4EC4-B079-E75727B20397}.Release|x64.ActiveCfg = Release|x64
		{BD25C345-9630-4EC4-B079-E75727B20397}.Release|x64.Build.0 = Release|x64
		{BD25C345-9630-4EC4-B079-E75727B20397}.Release|x86.ActiveCfg = Release|Win32
		{BD25C345-9630-4EC4-B079-E75727B20397}.Release|x86.Build.0 = Release|Win32
	EndGlobalSection
	GlobalSection(SolutionProperties) = preSolution
		HideSolutionNode = FALSE
	EndGlobalSection
	GlobalSection(ExtensibilityGlobals) = postSolution
		SolutionGuid = {10693CD1-5498-4C07-BE5D-4B44D2F92C46}
	EndGlobalSection
EndGlobal
